
Microsoft Visual Studio Solution File, Format Version 12.00
# Visual Studio Version 17
VisualStudioVersion = 17.7.34202.233
MinimumVisualStudioVersion = 10.0.40219.1
Project("{FAE04EC0-301F-11D3-BF4B-00C04F79EFBC}") = "LawnMower", "LawnMower\LawnMower.csproj", "{629308C7-9B3F-4A42-AB7D-03D7A7D88269}"
EndProject
Global
	GlobalSection(SolutionConfigurationPlatforms) = preSolution
		Debug|Any CPU = Debug|Any CPU
		Release|Any CPU = Release|Any CPU
	EndGlobalSection
	GlobalSection(ProjectConfigurationPlatforms) = postSolution
		{629308C7-9B3F-4A42-AB7D-03D7A7D88269}.Debug|Any CPU.ActiveCfg = Debug|Any CPU
		{629308C7-9B3F-4A42-AB7D-03D7A7D88269}.Debug|Any CPU.Build.0 = Debug|Any CPU
		{629308C7-9B3F-4A42-AB7D-03D7A7D88269}.Release|Any CPU.ActiveCfg = Release|Any CPU
		{629308C7-9B3F-4A42-AB7D-03D7A7D88269}.Release|Any CPU.Build.0 = Release|Any CPU
	EndGlobalSection
	GlobalSection(SolutionProperties) = preSolution
		HideSolutionNode = FALSE
	EndGlobalSection
	GlobalSection(ExtensibilityGlobals) = postSolution
		SolutionGuid = {F8E4C552-3FAC-41B8-96EA-4715B144A509}
	EndGlobalSection
EndGlobal
